
Microsoft Visual Studio Solution File, Format Version 12.00
# Visual Studio Version 16
VisualStudioVersion = 16.0.34031.81
MinimumVisualStudioVersion = 10.0.40219.1
Project("{FAE04EC0-301F-11D3-BF4B-00C04F79EFBC}") = "AuthenticationDemo", "AuthenticationDemo\AuthenticationDemo.csproj", "{B201EBB7-8EA8-44FE-9953-2AEC94EB60AE}"
EndProject
Global
	GlobalSection(SolutionConfigurationPlatforms) = preSolution
		Debug|Any CPU = Debug|Any CPU
		Release|Any CPU = Release|Any CPU
	EndGlobalSection
	GlobalSection(ProjectConfigurationPlatforms) = postSolution
		{B201EBB7-8EA8-44FE-9953-2AEC94EB60AE}.Debug|Any CPU.ActiveCfg = Debug|Any CPU
		{B201EBB7-8EA8-44FE-9953-2AEC94EB60AE}.Debug|Any CPU.Build.0 = Debug|Any CPU
		{B201EBB7-8EA8-44FE-9953-2AEC94EB60AE}.Release|Any CPU.ActiveCfg = Release|Any CPU
		{B201EBB7-8EA8-44FE-9953-2AEC94EB60AE}.Release|Any CPU.Build.0 = Release|Any CPU
	EndGlobalSection
	GlobalSection(SolutionProperties) = preSolution
		HideSolutionNode = FALSE
	EndGlobalSection
	GlobalSection(ExtensibilityGlobals) = postSolution
		SolutionGuid = {AE84F0C3-7DF7-4864-BC4D-CF932AE96DC0}
	EndGlobalSection
EndGlobal
